// !$*UTF8*$!
{
	archiveVersion = 1;
	classes = {
	};
	objectVersion = 56;
	objects = {

/* Begin PBXBuildFile section */
		A11111111111111111111111 /* RoadBookMotoApp.swift in Sources */ = {isa = PBXBuildFile; fileRef = A21111111111111111111111 /* RoadBookMotoApp.swift */; };
		A11111111111111111111112 /* HomeView.swift in Sources */ = {isa = PBXBuildFile; fileRef = A21111111111111111111112 /* HomeView.swift */; };
		A11111111111111111111113 /* HomeViewModel.swift in Sources */ = {isa = PBXBuildFile; fileRef = A21111111111111111111113 /* HomeViewModel.swift */; };
		A11111111111111111111114 /* RoadBookEntry.swift in Sources */ = {isa = PBXBuildFile; fileRef = A21111111111111111111114 /* RoadBookEntry.swift */; };
		A11111111111111111111117 /* NavigationLauncher.swift in Sources */ = {isa = PBXBuildFile; fileRef = A21111111111111111111117 /* NavigationLauncher.swift */; };
		A11111111111111111111118 /* WazeLauncher.swift in Sources */ = {isa = PBXBuildFile; fileRef = A21111111111111111111118 /* WazeLauncher.swift */; };
/* End PBXBuildFile section */

/* Begin PBXFileReference section */
		A21111111111111111111111 /* RoadBookMotoApp.swift */ = {isa = PBXFileReference; lastKnownFileType = sourcecode.swift; path = RoadBookMotoApp.swift; sourceTree = "<group>"; };
		A21111111111111111111112 /* HomeView.swift */ = {isa = PBXFileReference; lastKnownFileType = sourcecode.swift; path = HomeView.swift; sourceTree = "<group>"; };
		A21111111111111111111113 /* HomeViewModel.swift */ = {isa = PBXFileReference; lastKnownFileType = sourcecode.swift; path = HomeViewModel.swift; sourceTree = "<group>"; };
		A21111111111111111111114 /* RoadBookEntry.swift */ = {isa = PBXFileReference; lastKnownFileType = sourcecode.swift; path = RoadBookEntry.swift; sourceTree = "<group>"; };
		A21111111111111111111115 /* RoadBookMoto.app */ = {isa = PBXFileReference; explicitFileType = wrapper.application; includeInIndex = 0; path = RoadBookMoto.app; sourceTree = BUILT_PRODUCTS_DIR; };
		A21111111111111111111117 /* NavigationLauncher.swift */ = {isa = PBXFileReference; lastKnownFileType = sourcecode.swift; path = NavigationLauncher.swift; sourceTree = "<group>"; };
		A21111111111111111111118 /* WazeLauncher.swift */ = {isa = PBXFileReference; lastKnownFileType = sourcecode.swift; path = WazeLauncher.swift; sourceTree = "<group>"; };
/* End PBXFileReference section */

/* Begin PBXGroup section */
		A31111111111111111111111 = {isa = PBXGroup; children = (A41111111111111111111111 /* RoadBookMoto */, A51111111111111111111111 /* Products */, ); sourceTree = "<group>"; };
		A41111111111111111111111 /* RoadBookMoto */ = {isa = PBXGroup; children = (A61111111111111111111111 /* App */, A71111111111111111111111 /* Features */, A81111111111111111111111 /* Models */, A12111111111111111111111 /* Services */, ); path = RoadBookMoto; sourceTree = "<group>"; };
		A61111111111111111111111 /* App */ = {isa = PBXGroup; children = (A21111111111111111111111 /* RoadBookMotoApp.swift */, ); path = App; sourceTree = "<group>"; };
		A71111111111111111111111 /* Features */ = {isa = PBXGroup; children = (A91111111111111111111111 /* Home */, ); path = Features; sourceTree = "<group>"; };
		A91111111111111111111111 /* Home */ = {isa = PBXGroup; children = (A21111111111111111111112 /* HomeView.swift */, A21111111111111111111113 /* HomeViewModel.swift */, ); path = Home; sourceTree = "<group>"; };
		A81111111111111111111111 /* Models */ = {isa = PBXGroup; children = (A21111111111111111111114 /* RoadBookEntry.swift */, ); path = Models; sourceTree = "<group>"; };
		A12111111111111111111111 /* Services */ = {isa = PBXGroup; children = (A21111111111111111111117 /* NavigationLauncher.swift */, A21111111111111111111118 /* WazeLauncher.swift */, ); path = Services; sourceTree = "<group>"; };
		A51111111111111111111111 /* Products */ = {isa = PBXGroup; children = (A21111111111111111111115 /* RoadBookMoto.app */, ); name = Products; sourceTree = "<group>"; };
/* End PBXGroup section */

/* Begin PBXNativeTarget section */
		B11111111111111111111111 /* RoadBookMoto */ = {isa = PBXNativeTarget; buildConfigurationList = B31111111111111111111111 /* Build configuration list for PBXNativeTarget "RoadBookMoto" */; buildPhases = (B41111111111111111111111 /* Sources */, B51111111111111111111111 /* Frameworks */, B61111111111111111111111 /* Resources */, ); buildRules = (); dependencies = (); name = RoadBookMoto; productName = RoadBookMoto; productReference = A21111111111111111111115 /* RoadBookMoto.app */; productType = "com.apple.product-type.app"; };
/* End PBXNativeTarget section */

/* Begin PBXProject section */
		C11111111111111111111111 /* Project object */ = {isa = PBXProject; attributes = { BuildIndependentTargetsInParallel = 1; LastSwiftUpdateCheck = 1600; LastUpgradeCheck = 1600; TargetAttributes = { B11111111111111111111111 = { CreatedOnToolsVersion = 16.0; }; }; }; buildConfigurationList = C31111111111111111111111 /* Build configuration list for PBXProject "RoadBookMoto" */; compatibilityVersion = "Xcode 16.0"; developmentRegion = en; hasScannedForEncodings = 0; knownRegions = (en, Base, ); mainGroup = A31111111111111111111111; minimizedProjectReferenceProxies = 1; packageReferences = (); productRefGroup = A51111111111111111111111 /* Products */; projectDirPath = ""; projectRoot = ""; targets = (B11111111111111111111111 /* RoadBookMoto */, ); };
/* End PBXProject section */

/* Begin PBXResourcesBuildPhase section */
		B61111111111111111111111 /* Resources */ = {isa = PBXResourcesBuildPhase; buildActionMask = 2147483647; files = (); runOnlyForDeploymentPostprocessing = 0; };
/* End PBXResourcesBuildPhase section */

/* Begin PBXSourcesBuildPhase section */
		B41111111111111111111111 /* Sources */ = {isa = PBXSourcesBuildPhase; buildActionMask = 2147483647; files = (A11111111111111111111111 /* RoadBookMotoApp.swift in Sources */, A11111111111111111111112 /* HomeView.swift in Sources */, A11111111111111111111113 /* HomeViewModel.swift in Sources */, A11111111111111111111114 /* RoadBookEntry.swift in Sources */, A11111111111111111111117 /* NavigationLauncher.swift in Sources */, A11111111111111111111118 /* WazeLauncher.swift in Sources */, ); runOnlyForDeploymentPostprocessing = 0; };
/* End PBXSourcesBuildPhase section */

/* Begin PBXFrameworksBuildPhase section */
		B51111111111111111111111 /* Frameworks */ = {isa = PBXFrameworksBuildPhase; buildActionMask = 2147483647; files = (); runOnlyForDeploymentPostprocessing = 0; };
/* End PBXFrameworksBuildPhase section */

/* Begin XCBuildConfiguration section */
		C41111111111111111111111 /* Debug */ = {
			isa = XCBuildConfiguration;
			buildSettings = {
				ALWAYS_SEARCH_USER_PATHS = NO;
				CLANG_ENABLE_MODULES = YES;
				CODE_SIGN_STYLE = Automatic;
				CURRENT_PROJECT_VERSION = 1;
				DEBUG_INFORMATION_FORMAT = dwarf;
				DEVELOPMENT_TEAM = "";
				ENABLE_PREVIEWS = YES;
				GCC_C_LANGUAGE_STANDARD = gnu17;
				GENERATE_INFOPLIST_FILE = YES;
				INFOPLIST_KEY_LSApplicationQueriesSchemes = (waze);
				INFOPLIST_KEY_UIApplicationSceneManifest_Generation = YES;
				INFOPLIST_KEY_UILaunchScreen_Generation = YES;
				IPHONEOS_DEPLOYMENT_TARGET = 18.0;
				LD_RUNPATH_SEARCH_PATHS = ("$(inherited)", "@executable_path/Frameworks");
				MARKETING_VERSION = 1.0;
				PRODUCT_BUNDLE_IDENTIFIER = com.roadbookmoto.app;
				PRODUCT_NAME = "$(TARGET_NAME)";
				SWIFT_ACTIVE_COMPILATION_CONDITIONS = DEBUG;
				SWIFT_DEFAULT_ACTOR_ISOLATION = MainActor;
				SWIFT_EMIT_LOC_STRINGS = YES;
				SWIFT_OPTIMIZATION_LEVEL = "-Onone";
				SWIFT_VERSION = 6.0;
				TARGETED_DEVICE_FAMILY = 1;
				SUPPORTED_PLATFORMS = "iphoneos iphonesimulator";
			};
			name = Debug;
		};
		C51111111111111111111111 /* Release */ = {
			isa = XCBuildConfiguration;
			buildSettings = {
				ALWAYS_SEARCH_USER_PATHS = NO;
				CLANG_ENABLE_MODULES = YES;
				CODE_SIGN_STYLE = Automatic;
				CURRENT_PROJECT_VERSION = 1;
				DEVELOPMENT_TEAM = "";
				ENABLE_PREVIEWS = YES;
				GCC_C_LANGUAGE_STANDARD = gnu17;
				GENERATE_INFOPLIST_FILE = YES;
				INFOPLIST_KEY_LSApplicationQueriesSchemes = (waze);
				INFOPLIST_KEY_UIApplicationSceneManifest_Generation = YES;
				INFOPLIST_KEY_UILaunchScreen_Generation = YES;
				IPHONEOS_DEPLOYMENT_TARGET = 18.0;
				LD_RUNPATH_SEARCH_PATHS = ("$(inherited)", "@executable_path/Frameworks");
				MARKETING_VERSION = 1.0;
				PRODUCT_BUNDLE_IDENTIFIER = com.roadbookmoto.app;
				PRODUCT_NAME = "$(TARGET_NAME)";
				SWIFT_DEFAULT_ACTOR_ISOLATION = MainActor;
				SWIFT_EMIT_LOC_STRINGS = YES;
				SWIFT_VERSION = 6.0;
				TARGETED_DEVICE_FAMILY = 1;
				SUPPORTED_PLATFORMS = "iphoneos iphonesimulator";
				SWIFT_COMPILATION_MODE = wholemodule;
			};
			name = Release;
		};
		C61111111111111111111111 /* Debug */ = {
			isa = XCBuildConfiguration;
			buildSettings = {
				ALWAYS_SEARCH_USER_PATHS = NO;
				CLANG_ENABLE_MODULES = YES;
				CODE_SIGN_STYLE = Automatic;
				CURRENT_PROJECT_VERSION = 1;
				DEBUG_INFORMATION_FORMAT = dwarf;
				DEVELOPMENT_TEAM = "";
				ENABLE_PREVIEWS = YES;
				GCC_C_LANGUAGE_STANDARD = gnu17;
				GENERATE_INFOPLIST_FILE = YES;
				INFOPLIST_KEY_LSApplicationQueriesSchemes = (waze);
				INFOPLIST_KEY_UIApplicationSceneManifest_Generation = YES;
				INFOPLIST_KEY_UILaunchScreen_Generation = YES;
				IPHONEOS_DEPLOYMENT_TARGET = 18.0;
				LD_RUNPATH_SEARCH_PATHS = ("$(inherited)", "@executable_path/Frameworks");
				MARKETING_VERSION = 1.0;
				PRODUCT_BUNDLE_IDENTIFIER = com.roadbookmoto.app;
				PRODUCT_NAME = "$(TARGET_NAME)";
				SWIFT_ACTIVE_COMPILATION_CONDITIONS = DEBUG;
				SWIFT_DEFAULT_ACTOR_ISOLATION = MainActor;
				SWIFT_EMIT_LOC_STRINGS = YES;
				SWIFT_OPTIMIZATION_LEVEL = "-Onone";
				SWIFT_VERSION = 6.0;
				TARGETED_DEVICE_FAMILY = 1;
				SUPPORTED_PLATFORMS = "iphoneos iphonesimulator";
			};
			name = Debug;
		};
		C71111111111111111111111 /* Release */ = {
			isa = XCBuildConfiguration;
			buildSettings = {
				ALWAYS_SEARCH_USER_PATHS = NO;
				CLANG_ENABLE_MODULES = YES;
				CODE_SIGN_STYLE = Automatic;
				CURRENT_PROJECT_VERSION = 1;
				DEVELOPMENT_TEAM = "";
				ENABLE_PREVIEWS = YES;
				GCC_C_LANGUAGE_STANDARD = gnu17;
				GENERATE_INFOPLIST_FILE = YES;
				INFOPLIST_KEY_LSApplicationQueriesSchemes = (waze);
				INFOPLIST_KEY_UIApplicationSceneManifest_Generation = YES;
				INFOPLIST_KEY_UILaunchScreen_Generation = YES;
				IPHONEOS_DEPLOYMENT_TARGET = 18.0;
				LD_RUNPATH_SEARCH_PATHS = ("$(inherited)", "@executable_path/Frameworks");
				MARKETING_VERSION = 1.0;
				PRODUCT_BUNDLE_IDENTIFIER = com.roadbookmoto.app;
				PRODUCT_NAME = "$(TARGET_NAME)";
				SWIFT_DEFAULT_ACTOR_ISOLATION = MainActor;
				SWIFT_EMIT_LOC_STRINGS = YES;
				SWIFT_VERSION = 6.0;
				TARGETED_DEVICE_FAMILY = 1;
				SUPPORTED_PLATFORMS = "iphoneos iphonesimulator";
				SWIFT_COMPILATION_MODE = wholemodule;
			};
			name = Release;
		};
/* End XCBuildConfiguration section */

/* Begin XCConfigurationList section */
		C81111111111111111111111 /* Build configuration list for PBXProject "RoadBookMoto" */ = {isa = XCConfigurationList; buildConfigurations = (C41111111111111111111111 /* Debug */, C51111111111111111111111 /* Release */, ); defaultConfigurationIsVisible = 0; defaultConfigurationName = Release; };
		B31111111111111111111111 /* Build configuration list for PBXNativeTarget "RoadBookMoto" */ = {isa = XCConfigurationList; buildConfigurations = (C61111111111111111111111 /* Debug */, C71111111111111111111111 /* Release */, ); defaultConfigurationIsVisible = 0; defaultConfigurationName = Release; };
/* End XCConfigurationList section */
	};
	rootObject = C11111111111111111111111 /* Project object */;
}
